{
  "name": "ACAD_AWAIE",
  "version": "1.0.0",
  "lockfileVersion": 1,
  "requires": true,
  "dependencies": {
    "plotly.js-dist": {
      "version": "1.51.1",
      "resolved": "https://registry.npmjs.org/plotly.js-dist/-/plotly.js-dist-1.51.1.tgz",
      "integrity": "sha512-YUIyji1qj42DMjSuKI/yIE9ryXrCfCoF++Db732s9nK4oVFE6T1Gq6+hYE0rkLpezi+3j6W9e5wrLhI2AL6j7A=="
    }
  }
}
